
Microsoft Visual Studio Solution File, Format Version 12.00
# Visual Studio Version 17
VisualStudioVersion = 17.11.35327.3
MinimumVisualStudioVersion = 10.0.40219.1
Project("{9A19103F-16F7-4668-BE54-9A1E7A4F7556}") = "Shared", "src\Shared\Shared.csproj", "{B46FFB18-0D7E-46D9-8DA0-5D3AA81E4FDD}"
EndProject
Project("{2150E333-8FDC-42A3-9474-1A3956D46DE8}") = "Misc", "Misc", "{185F4E0D-8359-46BC-B433-61C460C78755}"
EndProject
Project("{2150E333-8FDC-42A3-9474-1A3956D46DE8}") = "Inn", "Inn", "{EB604B9D-0A5C-484E-899D-9ABA32E8A40B}"
EndProject
Project("{9A19103F-16F7-4668-BE54-9A1E7A4F7556}") = "InnModels.Hoh", "src\Inn\InnModels.Hoh\InnModels.Hoh.csproj", "{AA75DFC2-C2AA-45B1-AA3C-B628305036B0}"
EndProject
Project("{2150E333-8FDC-42A3-9474-1A3956D46DE8}") = "Models", "Models", "{FCD82771-9E7F-423B-BCF1-BEC5560A674F}"
EndProject
Project("{FAE04EC0-301F-11D3-BF4B-00C04F79EFBC}") = "Application.Server", "src\Application.Server\Application.Server.csproj", "{530F5923-EE5A-4F2F-AEC9-3D623025696F}"
EndProject
Project("{FAE04EC0-301F-11D3-BF4B-00C04F79EFBC}") = "Infrastructure", "src\Infrastructure\Infrastructure.csproj", "{3FC65860-3BBF-412F-9BCB-7E4CCA6E982F}"
EndProject
Project("{2150E333-8FDC-42A3-9474-1A3956D46DE8}") = "WebApp", "WebApp", "{3A7D422D-8C59-45E7-9642-913485E36131}"
EndProject
Project("{2150E333-8FDC-42A3-9474-1A3956D46DE8}") = "Dtos", "Dtos", "{289CE0B8-F827-4F7B-8AEF-0B68915B1DB3}"
EndProject
Project("{2150E333-8FDC-42A3-9474-1A3956D46DE8}") = "Application", "Application", "{DA391560-5A96-4DA1-81AD-11F0C496202C}"
EndProject
Project("{FAE04EC0-301F-11D3-BF4B-00C04F79EFBC}") = "Models.Fog", "src\Models.Fog\Models.Fog.csproj", "{CB773829-3354-4C69-9524-129D8CA3E467}"
EndProject
Project("{FAE04EC0-301F-11D3-BF4B-00C04F79EFBC}") = "Models.Hoh", "src\Models.Hoh\Models.Hoh.csproj", "{0D172823-6DAF-4BD5-9F00-336E228F6BCF}"
EndProject
Project("{FAE04EC0-301F-11D3-BF4B-00C04F79EFBC}") = "Application.Client.Web", "src\Application.Client.Web\Application.Client.Web.csproj", "{35E5D4F8-733B-4916-A0B8-674CBB4AF692}"
EndProject
Project("{FAE04EC0-301F-11D3-BF4B-00C04F79EFBC}") = "Dtos.Hoh", "src\Dtos.Hoh\Dtos.Hoh.csproj", "{F54483D5-F097-458B-AF18-A3F904CDCF90}"
EndProject
Project("{FAE04EC0-301F-11D3-BF4B-00C04F79EFBC}") = "WebApp", "src\WebApp\WebApp.csproj", "{4D2DE9F5-BDA5-4F18-B7C7-74B08ABD121D}"
EndProject
Project("{FAE04EC0-301F-11D3-BF4B-00C04F79EFBC}") = "WebApp.Client", "src\WebApp.Client\WebApp.Client.csproj", "{3F38EA51-8F59-4ABE-81F6-99DC441EFB72}"
EndProject
Project("{FAE04EC0-301F-11D3-BF4B-00C04F79EFBC}") = "Application.Core", "src\Application.Core\Application.Core.csproj", "{7C92C3EE-096B-4744-BA4F-73F794102218}"
EndProject
Project("{FAE04EC0-301F-11D3-BF4B-00C04F79EFBC}") = "FogLocalizationHelper", "src\Misc\FogLocalizationHelper\FogLocalizationHelper.csproj", "{08623E89-E3DF-4D5C-9973-118F5B6CEB53}"
EndProject
Project("{FAE04EC0-301F-11D3-BF4B-00C04F79EFBC}") = "InnSdk.Hoh", "src\Inn\InnSdk.Hoh\InnSdk.Hoh.csproj", "{C57F9F03-80F7-45FD-BF79-E2C44ABB2330}"
EndProject
Project("{FAE04EC0-301F-11D3-BF4B-00C04F79EFBC}") = "Functions", "src\Functions\Functions.csproj", "{61D89A93-BCBB-41BE-A908-4E39F6442CAA}"
EndProject
Project("{FAE04EC0-301F-11D3-BF4B-00C04F79EFBC}") = "HohCoreDataParserSdk", "src\Misc\HohCoreDataParserSdk\HohCoreDataParserSdk.csproj", "{99E7EC34-5AF8-453E-9F0D-1DE903DFBC5D}"
EndProject
Project("{FAE04EC0-301F-11D3-BF4B-00C04F79EFBC}") = "Application.Client.Core", "src\Application.Client.Core\Application.Client.Core.csproj", "{4D79C3E9-C0C5-4217-A80F-E4B5BF54A55C}"
EndProject
Project("{FAE04EC0-301F-11D3-BF4B-00C04F79EFBC}") = "App", "src\App\App.csproj", "{C7A9601B-D37B-4A92-AB12-F6F64DEF4F98}"
EndProject
Global
	GlobalSection(SolutionConfigurationPlatforms) = preSolution
		Debug|Any CPU = Debug|Any CPU
		Release|Any CPU = Release|Any CPU
	EndGlobalSection
	GlobalSection(ProjectConfigurationPlatforms) = postSolution
		{B46FFB18-0D7E-46D9-8DA0-5D3AA81E4FDD}.Debug|Any CPU.ActiveCfg = Debug|Any CPU
		{B46FFB18-0D7E-46D9-8DA0-5D3AA81E4FDD}.Debug|Any CPU.Build.0 = Debug|Any CPU
		{B46FFB18-0D7E-46D9-8DA0-5D3AA81E4FDD}.Release|Any CPU.ActiveCfg = Release|Any CPU
		{B46FFB18-0D7E-46D9-8DA0-5D3AA81E4FDD}.Release|Any CPU.Build.0 = Release|Any CPU
		{AA75DFC2-C2AA-45B1-AA3C-B628305036B0}.Debug|Any CPU.ActiveCfg = Debug|Any CPU
		{AA75DFC2-C2AA-45B1-AA3C-B628305036B0}.Debug|Any CPU.Build.0 = Debug|Any CPU
		{AA75DFC2-C2AA-45B1-AA3C-B628305036B0}.Release|Any CPU.ActiveCfg = Release|Any CPU
		{AA75DFC2-C2AA-45B1-AA3C-B628305036B0}.Release|Any CPU.Build.0 = Release|Any CPU
		{530F5923-EE5A-4F2F-AEC9-3D623025696F}.Debug|Any CPU.ActiveCfg = Debug|Any CPU
		{530F5923-EE5A-4F2F-AEC9-3D623025696F}.Debug|Any CPU.Build.0 = Debug|Any CPU
		{530F5923-EE5A-4F2F-AEC9-3D623025696F}.Release|Any CPU.ActiveCfg = Release|Any CPU
		{530F5923-EE5A-4F2F-AEC9-3D623025696F}.Release|Any CPU.Build.0 = Release|Any CPU
		{3FC65860-3BBF-412F-9BCB-7E4CCA6E982F}.Debug|Any CPU.ActiveCfg = Debug|Any CPU
		{3FC65860-3BBF-412F-9BCB-7E4CCA6E982F}.Debug|Any CPU.Build.0 = Debug|Any CPU
		{3FC65860-3BBF-412F-9BCB-7E4CCA6E982F}.Release|Any CPU.ActiveCfg = Release|Any CPU
		{3FC65860-3BBF-412F-9BCB-7E4CCA6E982F}.Release|Any CPU.Build.0 = Release|Any CPU
		{CB773829-3354-4C69-9524-129D8CA3E467}.Debug|Any CPU.ActiveCfg = Debug|Any CPU
		{CB773829-3354-4C69-9524-129D8CA3E467}.Debug|Any CPU.Build.0 = Debug|Any CPU
		{CB773829-3354-4C69-9524-129D8CA3E467}.Release|Any CPU.ActiveCfg = Release|Any CPU
		{CB773829-3354-4C69-9524-129D8CA3E467}.Release|Any CPU.Build.0 = Release|Any CPU
		{0D172823-6DAF-4BD5-9F00-336E228F6BCF}.Debug|Any CPU.ActiveCfg = Debug|Any CPU
		{0D172823-6DAF-4BD5-9F00-336E228F6BCF}.Debug|Any CPU.Build.0 = Debug|Any CPU
		{0D172823-6DAF-4BD5-9F00-336E228F6BCF}.Release|Any CPU.ActiveCfg = Release|Any CPU
		{0D172823-6DAF-4BD5-9F00-336E228F6BCF}.Release|Any CPU.Build.0 = Release|Any CPU
		{35E5D4F8-733B-4916-A0B8-674CBB4AF692}.Debug|Any CPU.ActiveCfg = Debug|Any CPU
		{35E5D4F8-733B-4916-A0B8-674CBB4AF692}.Debug|Any CPU.Build.0 = Debug|Any CPU
		{35E5D4F8-733B-4916-A0B8-674CBB4AF692}.Release|Any CPU.ActiveCfg = Release|Any CPU
		{35E5D4F8-733B-4916-A0B8-674CBB4AF692}.Release|Any CPU.Build.0 = Release|Any CPU
		{F54483D5-F097-458B-AF18-A3F904CDCF90}.Debug|Any CPU.ActiveCfg = Debug|Any CPU
		{F54483D5-F097-458B-AF18-A3F904CDCF90}.Debug|Any CPU.Build.0 = Debug|Any CPU
		{F54483D5-F097-458B-AF18-A3F904CDCF90}.Release|Any CPU.ActiveCfg = Release|Any CPU
		{F54483D5-F097-458B-AF18-A3F904CDCF90}.Release|Any CPU.Build.0 = Release|Any CPU
		{4D2DE9F5-BDA5-4F18-B7C7-74B08ABD121D}.Debug|Any CPU.ActiveCfg = Debug|Any CPU
		{4D2DE9F5-BDA5-4F18-B7C7-74B08ABD121D}.Debug|Any CPU.Build.0 = Debug|Any CPU
		{4D2DE9F5-BDA5-4F18-B7C7-74B08ABD121D}.Release|Any CPU.ActiveCfg = Release|Any CPU
		{4D2DE9F5-BDA5-4F18-B7C7-74B08ABD121D}.Release|Any CPU.Build.0 = Release|Any CPU
		{3F38EA51-8F59-4ABE-81F6-99DC441EFB72}.Debug|Any CPU.ActiveCfg = Debug|Any CPU
		{3F38EA51-8F59-4ABE-81F6-99DC441EFB72}.Debug|Any CPU.Build.0 = Debug|Any CPU
		{3F38EA51-8F59-4ABE-81F6-99DC441EFB72}.Release|Any CPU.ActiveCfg = Release|Any CPU
		{3F38EA51-8F59-4ABE-81F6-99DC441EFB72}.Release|Any CPU.Build.0 = Release|Any CPU
		{7C92C3EE-096B-4744-BA4F-73F794102218}.Debug|Any CPU.ActiveCfg = Debug|Any CPU
		{7C92C3EE-096B-4744-BA4F-73F794102218}.Debug|Any CPU.Build.0 = Debug|Any CPU
		{7C92C3EE-096B-4744-BA4F-73F794102218}.Release|Any CPU.ActiveCfg = Release|Any CPU
		{7C92C3EE-096B-4744-BA4F-73F794102218}.Release|Any CPU.Build.0 = Release|Any CPU
		{08623E89-E3DF-4D5C-9973-118F5B6CEB53}.Debug|Any CPU.ActiveCfg = Debug|Any CPU
		{08623E89-E3DF-4D5C-9973-118F5B6CEB53}.Debug|Any CPU.Build.0 = Debug|Any CPU
		{08623E89-E3DF-4D5C-9973-118F5B6CEB53}.Release|Any CPU.ActiveCfg = Release|Any CPU
		{08623E89-E3DF-4D5C-9973-118F5B6CEB53}.Release|Any CPU.Build.0 = Release|Any CPU
		{C57F9F03-80F7-45FD-BF79-E2C44ABB2330}.Debug|Any CPU.ActiveCfg = Debug|Any CPU
		{C57F9F03-80F7-45FD-BF79-E2C44ABB2330}.Debug|Any CPU.Build.0 = Debug|Any CPU
		{C57F9F03-80F7-45FD-BF79-E2C44ABB2330}.Release|Any CPU.ActiveCfg = Release|Any CPU
		{C57F9F03-80F7-45FD-BF79-E2C44ABB2330}.Release|Any CPU.Build.0 = Release|Any CPU
		{61D89A93-BCBB-41BE-A908-4E39F6442CAA}.Debug|Any CPU.ActiveCfg = Debug|Any CPU
		{61D89A93-BCBB-41BE-A908-4E39F6442CAA}.Debug|Any CPU.Build.0 = Debug|Any CPU
		{61D89A93-BCBB-41BE-A908-4E39F6442CAA}.Release|Any CPU.ActiveCfg = Release|Any CPU
		{61D89A93-BCBB-41BE-A908-4E39F6442CAA}.Release|Any CPU.Build.0 = Release|Any CPU
		{99E7EC34-5AF8-453E-9F0D-1DE903DFBC5D}.Debug|Any CPU.ActiveCfg = Debug|Any CPU
		{99E7EC34-5AF8-453E-9F0D-1DE903DFBC5D}.Debug|Any CPU.Build.0 = Debug|Any CPU
		{99E7EC34-5AF8-453E-9F0D-1DE903DFBC5D}.Release|Any CPU.ActiveCfg = Release|Any CPU
		{99E7EC34-5AF8-453E-9F0D-1DE903DFBC5D}.Release|Any CPU.Build.0 = Release|Any CPU
		{4D79C3E9-C0C5-4217-A80F-E4B5BF54A55C}.Debug|Any CPU.ActiveCfg = Debug|Any CPU
		{4D79C3E9-C0C5-4217-A80F-E4B5BF54A55C}.Debug|Any CPU.Build.0 = Debug|Any CPU
		{4D79C3E9-C0C5-4217-A80F-E4B5BF54A55C}.Release|Any CPU.ActiveCfg = Release|Any CPU
		{4D79C3E9-C0C5-4217-A80F-E4B5BF54A55C}.Release|Any CPU.Build.0 = Release|Any CPU
		{C7A9601B-D37B-4A92-AB12-F6F64DEF4F98}.Debug|Any CPU.ActiveCfg = Debug|Any CPU
		{C7A9601B-D37B-4A92-AB12-F6F64DEF4F98}.Debug|Any CPU.Build.0 = Debug|Any CPU
		{C7A9601B-D37B-4A92-AB12-F6F64DEF4F98}.Release|Any CPU.ActiveCfg = Release|Any CPU
		{C7A9601B-D37B-4A92-AB12-F6F64DEF4F98}.Release|Any CPU.Build.0 = Release|Any CPU
	EndGlobalSection
	GlobalSection(SolutionProperties) = preSolution
		HideSolutionNode = FALSE
	EndGlobalSection
	GlobalSection(NestedProjects) = preSolution
		{AA75DFC2-C2AA-45B1-AA3C-B628305036B0} = {EB604B9D-0A5C-484E-899D-9ABA32E8A40B}
		{CB773829-3354-4C69-9524-129D8CA3E467} = {FCD82771-9E7F-423B-BCF1-BEC5560A674F}
		{0D172823-6DAF-4BD5-9F00-336E228F6BCF} = {FCD82771-9E7F-423B-BCF1-BEC5560A674F}
		{530F5923-EE5A-4F2F-AEC9-3D623025696F} = {DA391560-5A96-4DA1-81AD-11F0C496202C}
		{35E5D4F8-733B-4916-A0B8-674CBB4AF692} = {DA391560-5A96-4DA1-81AD-11F0C496202C}
		{F54483D5-F097-458B-AF18-A3F904CDCF90} = {289CE0B8-F827-4F7B-8AEF-0B68915B1DB3}
		{4D2DE9F5-BDA5-4F18-B7C7-74B08ABD121D} = {3A7D422D-8C59-45E7-9642-913485E36131}
		{3F38EA51-8F59-4ABE-81F6-99DC441EFB72} = {3A7D422D-8C59-45E7-9642-913485E36131}
		{7C92C3EE-096B-4744-BA4F-73F794102218} = {DA391560-5A96-4DA1-81AD-11F0C496202C}
		{08623E89-E3DF-4D5C-9973-118F5B6CEB53} = {185F4E0D-8359-46BC-B433-61C460C78755}
		{C57F9F03-80F7-45FD-BF79-E2C44ABB2330} = {EB604B9D-0A5C-484E-899D-9ABA32E8A40B}
		{99E7EC34-5AF8-453E-9F0D-1DE903DFBC5D} = {185F4E0D-8359-46BC-B433-61C460C78755}
		{4D79C3E9-C0C5-4217-A80F-E4B5BF54A55C} = {DA391560-5A96-4DA1-81AD-11F0C496202C}
	EndGlobalSection
EndGlobal
